// !$*UTF8*$!
{
	archiveVersion = 1;
	classes = {
	};
	objectVersion = 56;
	objects = {

/* Begin PBXBuildFile section */
		40C1303D28E1C62500A232C2 /* Lesson_4_6_AnimationsApp.swift in Sources */ = {isa = PBXBuildFile; fileRef = 40C1303C28E1C62500A232C2 /* Lesson_4_6_AnimationsApp.swift */; };
		40C1303F28E1C62500A232C2 /* ContentView.swift in Sources */ = {isa = PBXBuildFile; fileRef = 40C1303E28E1C62500A232C2 /* ContentView.swift */; };
		40C1304128E1C62600A232C2 /* Assets.xcassets in Resources */ = {isa = PBXBuildFile; fileRef = 40C1304028E1C62600A232C2 /* Assets.xcassets */; };
		40C1304428E1C62600A232C2 /* Preview Assets.xcassets in Resources */ = {isa = PBXBuildFile; fileRef = 40C1304328E1C62600A232C2 /* Preview Assets.xcassets */; };
		40C1304B28E1C79000A232C2 /* GradientRectangles.swift in Sources */ = {isa = PBXBuildFile; fileRef = 40C1304A28E1C79000A232C2 /* GradientRectangles.swift */; };
		40C1304D28E1C99800A232C2 /* AwardsView.swift in Sources */ = {isa = PBXBuildFile; fileRef = 40C1304C28E1C99800A232C2 /* AwardsView.swift */; };
		40C1304F28E1CBA300A232C2 /* PathView.swift in Sources */ = {isa = PBXBuildFile; fileRef = 40C1304E28E1CBA300A232C2 /* PathView.swift */; };
		40C1305128E1D6FA00A232C2 /* CurvesView.swift in Sources */ = {isa = PBXBuildFile; fileRef = 40C1305028E1D6FA00A232C2 /* CurvesView.swift */; };
		40C1305328E1DD9F00A232C2 /* CartRacingView.swift in Sources */ = {isa = PBXBuildFile; fileRef = 40C1305228E1DD9F00A232C2 /* CartRacingView.swift */; };
		40C130B528E3003B00A232C2 /* GuitarView.swift in Sources */ = {isa = PBXBuildFile; fileRef = 40C130B428E3003B00A232C2 /* GuitarView.swift */; };
		40C130B728E3004800A232C2 /* FullGriefView.swift in Sources */ = {isa = PBXBuildFile; fileRef = 40C130B628E3004800A232C2 /* FullGriefView.swift */; };
		40C130B928E3005300A232C2 /* GriefFlowerView.swift in Sources */ = {isa = PBXBuildFile; fileRef = 40C130B828E3005300A232C2 /* GriefFlowerView.swift */; };
		40C130BB28E3005C00A232C2 /* GriefView.swift in Sources */ = {isa = PBXBuildFile; fileRef = 40C130BA28E3005C00A232C2 /* GriefView.swift */; };
		40C130BD28E3006300A232C2 /* StringsView.swift in Sources */ = {isa = PBXBuildFile; fileRef = 40C130BC28E3006300A232C2 /* StringsView.swift */; };
		40C130C328E300C300A232C2 /* DeckView.swift in Sources */ = {isa = PBXBuildFile; fileRef = 40C130C028E300C300A232C2 /* DeckView.swift */; };
		40C130C428E300C300A232C2 /* HeadView.swift in Sources */ = {isa = PBXBuildFile; fileRef = 40C130C128E300C300A232C2 /* HeadView.swift */; };
		40C130C728E300F500A232C2 /* AudioPlayer.swift in Sources */ = {isa = PBXBuildFile; fileRef = 40C130C628E300F500A232C2 /* AudioPlayer.swift */; };
		40C130CD28E30A3400A232C2 /* lesson4.6.2.mp3 in Resources */ = {isa = PBXBuildFile; fileRef = 40C130CC28E30A3400A232C2 /* lesson4.6.2.mp3 */; };
/* End PBXBuildFile section */

/* Begin PBXFileReference section */
		40C1303928E1C62500A232C2 /* Lesson 4.6 Animations.app */ = {isa = PBXFileReference; explicitFileType = wrapper.application; includeInIndex = 0; path = "Lesson 4.6 Animations.app"; sourceTree = BUILT_PRODUCTS_DIR; };
		40C1303C28E1C62500A232C2 /* Lesson_4_6_AnimationsApp.swift */ = {isa = PBXFileReference; lastKnownFileType = sourcecode.swift; path = Lesson_4_6_AnimationsApp.swift; sourceTree = "<group>"; };
		40C1303E28E1C62500A232C2 /* ContentView.swift */ = {isa = PBXFileReference; lastKnownFileType = sourcecode.swift; path = ContentView.swift; sourceTree = "<group>"; };
		40C1304028E1C62600A232C2 /* Assets.xcassets */ = {isa = PBXFileReference; lastKnownFileType = folder.assetcatalog; path = Assets.xcassets; sourceTree = "<group>"; };
		40C1304328E1C62600A232C2 /* Preview Assets.xcassets */ = {isa = PBXFileReference; lastKnownFileType = folder.assetcatalog; path = "Preview Assets.xcassets"; sourceTree = "<group>"; };
		40C1304A28E1C79000A232C2 /* GradientRectangles.swift */ = {isa = PBXFileReference; lastKnownFileType = sourcecode.swift; path = GradientRectangles.swift; sourceTree = "<group>"; };
		40C1304C28E1C99800A232C2 /* AwardsView.swift */ = {isa = PBXFileReference; lastKnownFileType = sourcecode.swift; path = AwardsView.swift; sourceTree = "<group>"; };
		40C1304E28E1CBA300A232C2 /* PathView.swift */ = {isa = PBXFileReference; lastKnownFileType = sourcecode.swift; path = PathView.swift; sourceTree = "<group>"; };
		40C1305028E1D6FA00A232C2 /* CurvesView.swift */ = {isa = PBXFileReference; lastKnownFileType = sourcecode.swift; path = CurvesView.swift; sourceTree = "<group>"; };
		40C1305228E1DD9F00A232C2 /* CartRacingView.swift */ = {isa = PBXFileReference; lastKnownFileType = sourcecode.swift; path = CartRacingView.swift; sourceTree = "<group>"; };
		40C130B428E3003B00A232C2 /* GuitarView.swift */ = {isa = PBXFileReference; fileEncoding = 4; lastKnownFileType = sourcecode.swift; path = GuitarView.swift; sourceTree = "<group>"; };
		40C130B628E3004800A232C2 /* FullGriefView.swift */ = {isa = PBXFileReference; fileEncoding = 4; lastKnownFileType = sourcecode.swift; path = FullGriefView.swift; sourceTree = "<group>"; };
		40C130B828E3005300A232C2 /* GriefFlowerView.swift */ = {isa = PBXFileReference; fileEncoding = 4; lastKnownFileType = sourcecode.swift; path = GriefFlowerView.swift; sourceTree = "<group>"; };
		40C130BA28E3005C00A232C2 /* GriefView.swift */ = {isa = PBXFileReference; fileEncoding = 4; lastKnownFileType = sourcecode.swift; path = GriefView.swift; sourceTree = "<group>"; };
		40C130BC28E3006300A232C2 /* StringsView.swift */ = {isa = PBXFileReference; fileEncoding = 4; lastKnownFileType = sourcecode.swift; path = StringsView.swift; sourceTree = "<group>"; };
		40C130C028E300C300A232C2 /* DeckView.swift */ = {isa = PBXFileReference; fileEncoding = 4; lastKnownFileType = sourcecode.swift; path = DeckView.swift; sourceTree = "<group>"; };
		40C130C128E300C300A232C2 /* HeadView.swift */ = {isa = PBXFileReference; fileEncoding = 4; lastKnownFileType = sourcecode.swift; path = HeadView.swift; sourceTree = "<group>"; };
		40C130C628E300F500A232C2 /* AudioPlayer.swift */ = {isa = PBXFileReference; fileEncoding = 4; lastKnownFileType = sourcecode.swift; path = AudioPlayer.swift; sourceTree = "<group>"; };
		40C130CC28E30A3400A232C2 /* lesson4.6.2.mp3 */ = {isa = PBXFileReference; lastKnownFileType = audio.mp3; path = lesson4.6.2.mp3; sourceTree = "<group>"; };
/* End PBXFileReference section */

/* Begin PBXFrameworksBuildPhase section */
		40C1303628E1C62500A232C2 /* Frameworks */ = {
			isa = PBXFrameworksBuildPhase;
			buildActionMask = 2147483647;
			files = (
			);
			runOnlyForDeploymentPostprocessing = 0;
		};
/* End PBXFrameworksBuildPhase section */

/* Begin PBXGroup section */
		40C1303028E1C62500A232C2 = {
			isa = PBXGroup;
			children = (
				40C1303B28E1C62500A232C2 /* Lesson 4.6 Animations */,
				40C1303A28E1C62500A232C2 /* Products */,
			);
			sourceTree = "<group>";
		};
		40C1303A28E1C62500A232C2 /* Products */ = {
			isa = PBXGroup;
			children = (
				40C1303928E1C62500A232C2 /* Lesson 4.6 Animations.app */,
			);
			name = Products;
			sourceTree = "<group>";
		};
		40C1303B28E1C62500A232C2 /* Lesson 4.6 Animations */ = {
			isa = PBXGroup;
			children = (
				40C1303C28E1C62500A232C2 /* Lesson_4_6_AnimationsApp.swift */,
				40C1303E28E1C62500A232C2 /* ContentView.swift */,
				40C1305228E1DD9F00A232C2 /* CartRacingView.swift */,
				40C1304C28E1C99800A232C2 /* AwardsView.swift */,
				40C1305028E1D6FA00A232C2 /* CurvesView.swift */,
				40C1304E28E1CBA300A232C2 /* PathView.swift */,
				40C1304A28E1C79000A232C2 /* GradientRectangles.swift */,
				40C130C528E300CF00A232C2 /* HW4.6 */,
				40C1304028E1C62600A232C2 /* Assets.xcassets */,
				40C1304228E1C62600A232C2 /* Preview Content */,
			);
			path = "Lesson 4.6 Animations";
			sourceTree = "<group>";
		};
		40C1304228E1C62600A232C2 /* Preview Content */ = {
			isa = PBXGroup;
			children = (
				40C1304328E1C62600A232C2 /* Preview Assets.xcassets */,
			);
			path = "Preview Content";
			sourceTree = "<group>";
		};
		40C130BE28E300C300A232C2 /* Audio */ = {
			isa = PBXGroup;
			children = (
				40C130CC28E30A3400A232C2 /* lesson4.6.2.mp3 */,
			);
			path = Audio;
			sourceTree = "<group>";
		};
		40C130C528E300CF00A232C2 /* HW4.6 */ = {
			isa = PBXGroup;
			children = (
				40C130B428E3003B00A232C2 /* GuitarView.swift */,
				40C130B628E3004800A232C2 /* FullGriefView.swift */,
				40C130B828E3005300A232C2 /* GriefFlowerView.swift */,
				40C130BA28E3005C00A232C2 /* GriefView.swift */,
				40C130BC28E3006300A232C2 /* StringsView.swift */,
				40C130C028E300C300A232C2 /* DeckView.swift */,
				40C130C128E300C300A232C2 /* HeadView.swift */,
				40C130C628E300F500A232C2 /* AudioPlayer.swift */,
				40C130BE28E300C300A232C2 /* Audio */,
			);
			path = HW4.6;
			sourceTree = "<group>";
		};
/* End PBXGroup section */

/* Begin PBXNativeTarget section */
		40C1303828E1C62500A232C2 /* Lesson 4.6 Animations */ = {
			isa = PBXNativeTarget;
			buildConfigurationList = 40C1304728E1C62600A232C2 /* Build configuration list for PBXNativeTarget "Lesson 4.6 Animations" */;
			buildPhases = (
				40C1303528E1C62500A232C2 /* Sources */,
				40C1303628E1C62500A232C2 /* Frameworks */,
				40C1303728E1C62500A232C2 /* Resources */,
			);
			buildRules = (
			);
			dependencies = (
			);
			name = "Lesson 4.6 Animations";
			productName = "Lesson 4.6 Animations";
			productReference = 40C1303928E1C62500A232C2 /* Lesson 4.6 Animations.app */;
			productType = "com.apple.product-type.application";
		};
/* End PBXNativeTarget section */

/* Begin PBXProject section */
		40C1303128E1C62500A232C2 /* Project object */ = {
			isa = PBXProject;
			attributes = {
				BuildIndependentTargetsInParallel = 1;
				LastSwiftUpdateCheck = 1400;
				LastUpgradeCheck = 1400;
				TargetAttributes = {
					40C1303828E1C62500A232C2 = {
						CreatedOnToolsVersion = 14.0;
					};
				};
			};
			buildConfigurationList = 40C1303428E1C62500A232C2 /* Build configuration list for PBXProject "Lesson 4.6 Animations" */;
			compatibilityVersion = "Xcode 14.0";
			developmentRegion = en;
			hasScannedForEncodings = 0;
			knownRegions = (
				en,
				Base,
			);
			mainGroup = 40C1303028E1C62500A232C2;
			productRefGroup = 40C1303A28E1C62500A232C2 /* Products */;
			projectDirPath = "";
			projectRoot = "";
			targets = (
				40C1303828E1C62500A232C2 /* Lesson 4.6 Animations */,
			);
		};
/* End PBXProject section */

/* Begin PBXResourcesBuildPhase section */
		40C1303728E1C62500A232C2 /* Resources */ = {
			isa = PBXResourcesBuildPhase;
			buildActionMask = 2147483647;
			files = (
				40C1304428E1C62600A232C2 /* Preview Assets.xcassets in Resources */,
				40C130CD28E30A3400A232C2 /* lesson4.6.2.mp3 in Resources */,
				40C1304128E1C62600A232C2 /* Assets.xcassets in Resources */,
			);
			runOnlyForDeploymentPostprocessing = 0;
		};
/* End PBXResourcesBuildPhase section */

/* Begin PBXSourcesBuildPhase section */
		40C1303528E1C62500A232C2 /* Sources */ = {
			isa = PBXSourcesBuildPhase;
			buildActionMask = 2147483647;
			files = (
				40C130BB28E3005C00A232C2 /* GriefView.swift in Sources */,
				40C130B928E3005300A232C2 /* GriefFlowerView.swift in Sources */,
				40C130C728E300F500A232C2 /* AudioPlayer.swift in Sources */,
				40C130C428E300C300A232C2 /* HeadView.swift in Sources */,
				40C1305128E1D6FA00A232C2 /* CurvesView.swift in Sources */,
				40C1305328E1DD9F00A232C2 /* CartRacingView.swift in Sources */,
				40C130B728E3004800A232C2 /* FullGriefView.swift in Sources */,
				40C130BD28E3006300A232C2 /* StringsView.swift in Sources */,
				40C130B528E3003B00A232C2 /* GuitarView.swift in Sources */,
				40C1304F28E1CBA300A232C2 /* PathView.swift in Sources */,
				40C1304D28E1C99800A232C2 /* AwardsView.swift in Sources */,
				40C1303F28E1C62500A232C2 /* ContentView.swift in Sources */,
				40C1303D28E1C62500A232C2 /* Lesson_4_6_AnimationsApp.swift in Sources */,
				40C1304B28E1C79000A232C2 /* GradientRectangles.swift in Sources */,
				40C130C328E300C300A232C2 /* DeckView.swift in Sources */,
			);
			runOnlyForDeploymentPostprocessing = 0;
		};
/* End PBXSourcesBuildPhase section */

/* Begin XCBuildConfiguration section */
		40C1304528E1C62600A232C2 /* Debug */ = {
			isa = XCBuildConfiguration;
			buildSettings = {
				ALWAYS_SEARCH_USER_PATHS = NO;
				CLANG_ANALYZER_NONNULL = YES;
				CLANG_ANALYZER_NUMBER_OBJECT_CONVERSION = YES_AGGRESSIVE;
				CLANG_CXX_LANGUAGE_STANDARD = "gnu++20";
				CLANG_ENABLE_MODULES = YES;
				CLANG_ENABLE_OBJC_ARC = YES;
				CLANG_ENABLE_OBJC_WEAK = YES;
				CLANG_WARN_BLOCK_CAPTURE_AUTORELEASING = YES;
				CLANG_WARN_BOOL_CONVERSION = YES;
				CLANG_WARN_COMMA = YES;
				CLANG_WARN_CONSTANT_CONVERSION = YES;
				CLANG_WARN_DEPRECATED_OBJC_IMPLEMENTATIONS = YES;
				CLANG_WARN_DIRECT_OBJC_ISA_USAGE = YES_ERROR;
				CLANG_WARN_DOCUMENTATION_COMMENTS = YES;
				CLANG_WARN_EMPTY_BODY = YES;
				CLANG_WARN_ENUM_CONVERSION = YES;
				CLANG_WARN_INFINITE_RECURSION = YES;
				CLANG_WARN_INT_CONVERSION = YES;
				CLANG_WARN_NON_LITERAL_NULL_CONVERSION = YES;
				CLANG_WARN_OBJC_IMPLICIT_RETAIN_SELF = YES;
				CLANG_WARN_OBJC_LITERAL_CONVERSION = YES;
				CLANG_WARN_OBJC_ROOT_CLASS = YES_ERROR;
				CLANG_WARN_QUOTED_INCLUDE_IN_FRAMEWORK_HEADER = YES;
				CLANG_WARN_RANGE_LOOP_ANALYSIS = YES;
				CLANG_WARN_STRICT_PROTOTYPES = YES;
				CLANG_WARN_SUSPICIOUS_MOVE = YES;
				CLANG_WARN_UNGUARDED_AVAILABILITY = YES_AGGRESSIVE;
				CLANG_WARN_UNREACHABLE_CODE = YES;
				CLANG_WARN__DUPLICATE_METHOD_MATCH = YES;
				COPY_PHASE_STRIP = NO;
				DEBUG_INFORMATION_FORMAT = dwarf;
				ENABLE_STRICT_OBJC_MSGSEND = YES;
				ENABLE_TESTABILITY = YES;
				GCC_C_LANGUAGE_STANDARD = gnu11;
				GCC_DYNAMIC_NO_PIC = NO;
				GCC_NO_COMMON_BLOCKS = YES;
				GCC_OPTIMIZATION_LEVEL = 0;
				GCC_PREPROCESSOR_DEFINITIONS = (
					"DEBUG=1",
					"$(inherited)",
				);
				GCC_WARN_64_TO_32_BIT_CONVERSION = YES;
				GCC_WARN_ABOUT_RETURN_TYPE = YES_ERROR;
				GCC_WARN_UNDECLARED_SELECTOR = YES;
				GCC_WARN_UNINITIALIZED_AUTOS = YES_AGGRESSIVE;
				GCC_WARN_UNUSED_FUNCTION = YES;
				GCC_WARN_UNUSED_VARIABLE = YES;
				IPHONEOS_DEPLOYMENT_TARGET = 16.0;
				MTL_ENABLE_DEBUG_INFO = INCLUDE_SOURCE;
				MTL_FAST_MATH = YES;
				ONLY_ACTIVE_ARCH = YES;
				SDKROOT = iphoneos;
				SWIFT_ACTIVE_COMPILATION_CONDITIONS = DEBUG;
				SWIFT_OPTIMIZATION_LEVEL = "-Onone";
			};
			name = Debug;
		};
		40C1304628E1C62600A232C2 /* Release */ = {
			isa = XCBuildConfiguration;
			buildSettings = {
				ALWAYS_SEARCH_USER_PATHS = NO;
				CLANG_ANALYZER_NONNULL = YES;
				CLANG_ANALYZER_NUMBER_OBJECT_CONVERSION = YES_AGGRESSIVE;
				CLANG_CXX_LANGUAGE_STANDARD = "gnu++20";
				CLANG_ENABLE_MODULES = YES;
				CLANG_ENABLE_OBJC_ARC = YES;
				CLANG_ENABLE_OBJC_WEAK = YES;
				CLANG_WARN_BLOCK_CAPTURE_AUTORELEASING = YES;
				CLANG_WARN_BOOL_CONVERSION = YES;
				CLANG_WARN_COMMA = YES;
				CLANG_WARN_CONSTANT_CONVERSION = YES;
				CLANG_WARN_DEPRECATED_OBJC_IMPLEMENTATIONS = YES;
				CLANG_WARN_DIRECT_OBJC_ISA_USAGE = YES_ERROR;
				CLANG_WARN_DOCUMENTATION_COMMENTS = YES;
				CLANG_WARN_EMPTY_BODY = YES;
				CLANG_WARN_ENUM_CONVERSION = YES;
				CLANG_WARN_INFINITE_RECURSION = YES;
				CLANG_WARN_INT_CONVERSION = YES;
				CLANG_WARN_NON_LITERAL_NULL_CONVERSION = YES;
				CLANG_WARN_OBJC_IMPLICIT_RETAIN_SELF = YES;
				CLANG_WARN_OBJC_LITERAL_CONVERSION = YES;
				CLANG_WARN_OBJC_ROOT_CLASS = YES_ERROR;
				CLANG_WARN_QUOTED_INCLUDE_IN_FRAMEWORK_HEADER = YES;
				CLANG_WARN_RANGE_LOOP_ANALYSIS = YES;
				CLANG_WARN_STRICT_PROTOTYPES = YES;
				CLANG_WARN_SUSPICIOUS_MOVE = YES;
				CLANG_WARN_UNGUARDED_AVAILABILITY = YES_AGGRESSIVE;
				CLANG_WARN_UNREACHABLE_CODE = YES;
				CLANG_WARN__DUPLICATE_METHOD_MATCH = YES;
				COPY_PHASE_STRIP = NO;
				DEBUG_INFORMATION_FORMAT = "dwarf-with-dsym";
				ENABLE_NS_ASSERTIONS = NO;
				ENABLE_STRICT_OBJC_MSGSEND = YES;
				GCC_C_LANGUAGE_STANDARD = gnu11;
				GCC_NO_COMMON_BLOCKS = YES;
				GCC_WARN_64_TO_32_BIT_CONVERSION = YES;
				GCC_WARN_ABOUT_RETURN_TYPE = YES_ERROR;
				GCC_WARN_UNDECLARED_SELECTOR = YES;
				GCC_WARN_UNINITIALIZED_AUTOS = YES_AGGRESSIVE;
				GCC_WARN_UNUSED_FUNCTION = YES;
				GCC_WARN_UNUSED_VARIABLE = YES;
				IPHONEOS_DEPLOYMENT_TARGET = 16.0;
				MTL_ENABLE_DEBUG_INFO = NO;
				MTL_FAST_MATH = YES;
				SDKROOT = iphoneos;
				SWIFT_COMPILATION_MODE = wholemodule;
				SWIFT_OPTIMIZATION_LEVEL = "-O";
				VALIDATE_PRODUCT = YES;
			};
			name = Release;
		};
		40C1304828E1C62600A232C2 /* Debug */ = {
			isa = XCBuildConfiguration;
			buildSettings = {
				ASSETCATALOG_COMPILER_APPICON_NAME = AppIcon;
				ASSETCATALOG_COMPILER_GLOBAL_ACCENT_COLOR_NAME = AccentColor;
				CODE_SIGN_STYLE = Automatic;
				CURRENT_PROJECT_VERSION = 1;
				DEVELOPMENT_ASSET_PATHS = "\"Lesson 4.6 Animations/Preview Content\"";
				DEVELOPMENT_TEAM = GYQWR7DN6H;
				ENABLE_PREVIEWS = YES;
				GENERATE_INFOPLIST_FILE = YES;
				INFOPLIST_KEY_UIApplicationSceneManifest_Generation = YES;
				INFOPLIST_KEY_UIApplicationSupportsIndirectInputEvents = YES;
				INFOPLIST_KEY_UILaunchScreen_Generation = YES;
				INFOPLIST_KEY_UISupportedInterfaceOrientations_iPad = "UIInterfaceOrientationPortrait UIInterfaceOrientationPortraitUpsideDown UIInterfaceOrientationLandscapeLeft UIInterfaceOrientationLandscapeRight";
				INFOPLIST_KEY_UISupportedInterfaceOrientations_iPhone = "UIInterfaceOrientationPortrait UIInterfaceOrientationLandscapeLeft UIInterfaceOrientationLandscapeRight";
				LD_RUNPATH_SEARCH_PATHS = (
					"$(inherited)",
					"@executable_path/Frameworks",
				);
				MARKETING_VERSION = 1.0;
				PRODUCT_BUNDLE_IDENTIFIER = "Psycho.Lesson-4-6-Animations";
				PRODUCT_NAME = "$(TARGET_NAME)";
				SWIFT_EMIT_LOC_STRINGS = YES;
				SWIFT_VERSION = 5.0;
				TARGETED_DEVICE_FAMILY = "1,2";
			};
			name = Debug;
		};
		40C1304928E1C62600A232C2 /* Release */ = {
			isa = XCBuildConfiguration;
			buildSettings = {
				ASSETCATALOG_COMPILER_APPICON_NAME = AppIcon;
				ASSETCATALOG_COMPILER_GLOBAL_ACCENT_COLOR_NAME = AccentColor;
				CODE_SIGN_STYLE = Automatic;
				CURRENT_PROJECT_VERSION = 1;
				DEVELOPMENT_ASSET_PATHS = "\"Lesson 4.6 Animations/Preview Content\"";
				DEVELOPMENT_TEAM = GYQWR7DN6H;
				ENABLE_PREVIEWS = YES;
				GENERATE_INFOPLIST_FILE = YES;
				INFOPLIST_KEY_UIApplicationSceneManifest_Generation = YES;
				INFOPLIST_KEY_UIApplicationSupportsIndirectInputEvents = YES;
				INFOPLIST_KEY_UILaunchScreen_Generation = YES;
				INFOPLIST_KEY_UISupportedInterfaceOrientations_iPad = "UIInterfaceOrientationPortrait UIInterfaceOrientationPortraitUpsideDown UIInterfaceOrientationLandscapeLeft UIInterfaceOrientationLandscapeRight";
				INFOPLIST_KEY_UISupportedInterfaceOrientations_iPhone = "UIInterfaceOrientationPortrait UIInterfaceOrientationLandscapeLeft UIInterfaceOrientationLandscapeRight";
				LD_RUNPATH_SEARCH_PATHS = (
					"$(inherited)",
					"@executable_path/Frameworks",
				);
				MARKETING_VERSION = 1.0;
				PRODUCT_BUNDLE_IDENTIFIER = "Psycho.Lesson-4-6-Animations";
				PRODUCT_NAME = "$(TARGET_NAME)";
				SWIFT_EMIT_LOC_STRINGS = YES;
				SWIFT_VERSION = 5.0;
				TARGETED_DEVICE_FAMILY = "1,2";
			};
			name = Release;
		};
/* End XCBuildConfiguration section */

/* Begin XCConfigurationList section */
		40C1303428E1C62500A232C2 /* Build configuration list for PBXProject "Lesson 4.6 Animations" */ = {
			isa = XCConfigurationList;
			buildConfigurations = (
				40C1304528E1C62600A232C2 /* Debug */,
				40C1304628E1C62600A232C2 /* Release */,
			);
			defaultConfigurationIsVisible = 0;
			defaultConfigurationName = Release;
		};
		40C1304728E1C62600A232C2 /* Build configuration list for PBXNativeTarget "Lesson 4.6 Animations" */ = {
			isa = XCConfigurationList;
			buildConfigurations = (
				40C1304828E1C62600A232C2 /* Debug */,
				40C1304928E1C62600A232C2 /* Release */,
			);
			defaultConfigurationIsVisible = 0;
			defaultConfigurationName = Release;
		};
/* End XCConfigurationList section */
	};
	rootObject = 40C1303128E1C62500A232C2 /* Project object */;
}
